{
  "name": "docs",
  "version": "1.0.0",
  "lockfileVersion": 2,
  "requires": true,
  "packages": {
    "": {
      "name": "docs",
      "version": "1.0.0",
      "license": "ISC",
      "dependencies": {
        "gitbook-plugin-ga": "^2.0.0"
      }
    },
    "node_modules/gitbook-plugin-ga": {
      "version": "2.0.0",
      "resolved": "https://registry.npmjs.org/gitbook-plugin-ga/-/gitbook-plugin-ga-2.0.0.tgz",
      "integrity": "sha512-/hWaHEPoFsxwwVs8NLU8fSc9WWwMBiThs43QX5J/KSCeNkP+CDUYenfTNwDOXEXGwQXyDKn6g/Adz3yzR55rfw==",
      "engines": {
        "gitbook": ">=4.0.0-alpha.0"
      }
    }
  },
  "dependencies": {
    "gitbook-plugin-ga": {
      "version": "2.0.0",
      "resolved": "https://registry.npmjs.org/gitbook-plugin-ga/-/gitbook-plugin-ga-2.0.0.tgz",
      "integrity": "sha512-/hWaHEPoFsxwwVs8NLU8fSc9WWwMBiThs43QX5J/KSCeNkP+CDUYenfTNwDOXEXGwQXyDKn6g/Adz3yzR55rfw=="
    }
  }
}
